
Microsoft Visual Studio Solution File, Format Version 12.00
# Visual Studio Version 17
VisualStudioVersion = 17.0.31903.59
MinimumVisualStudioVersion = 10.0.40219.1
Project("{9A19103F-16F7-4668-BE54-9A1E7A4F7556}") = "BricksWarehouse", "BricksWarehouse\BricksWarehouse.csproj", "{12375003-00C1-4A4C-B6C9-F276A0A362BA}"
EndProject
Project("{FAE04EC0-301F-11D3-BF4B-00C04F79EFBC}") = "BricksWarehouse.Domain", "BricksWarehouse.Domain\BricksWarehouse.Domain.csproj", "{3B93E21F-A499-4684-ACC9-69CC1A8953A6}"
EndProject
Global
	GlobalSection(SolutionConfigurationPlatforms) = preSolution
		Debug|Any CPU = Debug|Any CPU
		Release|Any CPU = Release|Any CPU
	EndGlobalSection
	GlobalSection(ProjectConfigurationPlatforms) = postSolution
		{12375003-00C1-4A4C-B6C9-F276A0A362BA}.Debug|Any CPU.ActiveCfg = Debug|Any CPU
		{12375003-00C1-4A4C-B6C9-F276A0A362BA}.Debug|Any CPU.Build.0 = Debug|Any CPU
		{12375003-00C1-4A4C-B6C9-F276A0A362BA}.Release|Any CPU.ActiveCfg = Release|Any CPU
		{12375003-00C1-4A4C-B6C9-F276A0A362BA}.Release|Any CPU.Build.0 = Release|Any CPU
		{3B93E21F-A499-4684-ACC9-69CC1A8953A6}.Debug|Any CPU.ActiveCfg = Debug|Any CPU
		{3B93E21F-A499-4684-ACC9-69CC1A8953A6}.Debug|Any CPU.Build.0 = Debug|Any CPU
		{3B93E21F-A499-4684-ACC9-69CC1A8953A6}.Release|Any CPU.ActiveCfg = Release|Any CPU
		{3B93E21F-A499-4684-ACC9-69CC1A8953A6}.Release|Any CPU.Build.0 = Release|Any CPU
	EndGlobalSection
	GlobalSection(SolutionProperties) = preSolution
		HideSolutionNode = FALSE
	EndGlobalSection
	GlobalSection(ExtensibilityGlobals) = postSolution
		SolutionGuid = {CE2B0FF9-7425-449B-99E5-5FC369BB746B}
	EndGlobalSection
EndGlobal
